
Microsoft Visual Studio Solution File, Format Version 12.00
# Visual Studio Version 17
VisualStudioVersion = 17.14.36414.22 d17.14
MinimumVisualStudioVersion = 10.0.40219.1
Project("{FAE04EC0-301F-11D3-BF4B-00C04F79EFBC}") = "UpdatePartsFile", "UpdatePartsFile.csproj", "{B0EDC64B-D2B3-467F-B97A-4A498A3E0F55}"
EndProject
Project("{FAE04EC0-301F-11D3-BF4B-00C04F79EFBC}") = "SapData", "..\QwDataTransfer2\SapData\SapData.csproj", "{82B6A73F-5347-8452-021A-035DB32D6F95}"
EndProject
Global
	GlobalSection(SolutionConfigurationPlatforms) = preSolution
		Debug|Any CPU = Debug|Any CPU
		Release|Any CPU = Release|Any CPU
	EndGlobalSection
	GlobalSection(ProjectConfigurationPlatforms) = postSolution
		{B0EDC64B-D2B3-467F-B97A-4A498A3E0F55}.Debug|Any CPU.ActiveCfg = Debug|Any CPU
		{B0EDC64B-D2B3-467F-B97A-4A498A3E0F55}.Debug|Any CPU.Build.0 = Debug|Any CPU
		{B0EDC64B-D2B3-467F-B97A-4A498A3E0F55}.Release|Any CPU.ActiveCfg = Release|Any CPU
		{B0EDC64B-D2B3-467F-B97A-4A498A3E0F55}.Release|Any CPU.Build.0 = Release|Any CPU
		{82B6A73F-5347-8452-021A-035DB32D6F95}.Debug|Any CPU.ActiveCfg = Debug|Any CPU
		{82B6A73F-5347-8452-021A-035DB32D6F95}.Debug|Any CPU.Build.0 = Debug|Any CPU
		{82B6A73F-5347-8452-021A-035DB32D6F95}.Release|Any CPU.ActiveCfg = Release|Any CPU
		{82B6A73F-5347-8452-021A-035DB32D6F95}.Release|Any CPU.Build.0 = Release|Any CPU
	EndGlobalSection
	GlobalSection(SolutionProperties) = preSolution
		HideSolutionNode = FALSE
	EndGlobalSection
	GlobalSection(ExtensibilityGlobals) = postSolution
		SolutionGuid = {75C61D98-F3D1-43D5-A046-D04176C57284}
	EndGlobalSection
EndGlobal
